{
  "version": 4,
  "terraform_version": "1.5.7",
  "serial": 3,
  "lineage": "711a56ef-043a-1025-f51c-13f18afdb8af",
  "outputs": {},
  "resources": [
    {
      "mode": "managed",
      "type": "github_repository",
      "name": "terrform-first-repo",
      "provider": "provider[\"registry.terraform.io/hashicorp/github\"]",
      "instances": [
        {
          "schema_version": 1,
          "attributes": {
            "allow_auto_merge": false,
            "allow_merge_commit": true,
            "allow_rebase_merge": true,
            "allow_squash_merge": true,
            "allow_update_branch": false,
            "archive_on_destroy": null,
            "archived": false,
            "auto_init": true,
            "default_branch": "main",
            "delete_branch_on_merge": false,
            "description": "My first repo using terrform",
            "etag": "W/\"4037bc8689d784a76bd9cdab0876763606e544f453b4c780cda039874b723031\"",
            "full_name": "singhgaurav24/first-repo-using-terraform",
            "git_clone_url": "git://github.com/singhgaurav24/first-repo-using-terraform.git",
            "gitignore_template": null,
            "has_discussions": false,
            "has_downloads": false,
            "has_issues": false,
            "has_projects": false,
            "has_wiki": false,
            "homepage_url": "",
            "html_url": "https://github.com/singhgaurav24/first-repo-using-terraform",
            "http_clone_url": "https://github.com/singhgaurav24/first-repo-using-terraform.git",
            "id": "first-repo-using-terraform",
            "ignore_vulnerability_alerts_during_read": null,
            "is_template": false,
            "license_template": null,
            "merge_commit_message": "PR_TITLE",
            "merge_commit_title": "MERGE_MESSAGE",
            "name": "first-repo-using-terraform",
            "node_id": "R_kgDOMn1Fnw",
            "pages": [],
            "primary_language": "",
            "private": false,
            "repo_id": 847070623,
            "security_and_analysis": [
              {
                "advanced_security": [],
                "secret_scanning": [
                  {
                    "status": "enabled"
                  }
                ],
                "secret_scanning_push_protection": [
                  {
                    "status": "enabled"
                  }
                ]
              }
            ],
            "squash_merge_commit_message": "COMMIT_MESSAGES",
            "squash_merge_commit_title": "COMMIT_OR_PR_TITLE",
            "ssh_clone_url": "git@github.com:singhgaurav24/first-repo-using-terraform.git",
            "svn_url": "https://github.com/singhgaurav24/first-repo-using-terraform",
            "template": [],
            "topics": [],
            "visibility": "public",
            "vulnerability_alerts": false,
            "web_commit_signoff_required": false
          },
          "sensitive_attributes": [],
          "private": "eyJzY2hlbWFfdmVyc2lvbiI6IjEifQ=="
        }
      ]
    }
  ],
  "check_results": null
}
